{
    "requires": true,
    "lockfileVersion": 1,
    "dependencies": {
        "larasocket-js": {
            "version": "1.0.16",
            "resolved": "https://registry.npmjs.org/larasocket-js/-/larasocket-js-1.0.16.tgz",
            "integrity": "sha512-5KaD6Eeo66Vroi5ToWkD99mZtKt3T8Juq/+9Fes05hcZFj9d01eGrvsmNw89kF7mhk7yCb9LpGfrS8GvQEohZQ=="
        }
    }
}
